
Microsoft Visual Studio Solution File, Format Version 12.00
# Visual Studio 14
VisualStudioVersion = 14.0.25420.1
MinimumVisualStudioVersion = 10.0.40219.1
Project("{FAE04EC0-301F-11D3-BF4B-00C04F79EFBC}") = "AccesoDatosBodega", "AccesoDatosBodega\AccesoDatosBodega.csproj", "{C379F0C2-51E5-4D3A-8774-EC3C0A6A8D43}"
EndProject
Project("{2150E333-8FDC-42A3-9474-1A3956D46DE8}") = "Repositorio", "Repositorio", "{C9346306-121D-4A4A-A596-C46B101731A0}"
EndProject
Project("{2150E333-8FDC-42A3-9474-1A3956D46DE8}") = "CapaDeInterfaces", "CapaDeInterfaces", "{2871DEBA-8A69-4243-8EEE-458F4E0AFECE}"
EndProject
Project("{FAE04EC0-301F-11D3-BF4B-00C04F79EFBC}") = "InterfacesBodegAPP", "InterfacesBodegAPP\InterfacesBodegAPP.csproj", "{66C9EB19-92D9-4AB6-892A-8BB4B0770D3D}"
EndProject
Project("{2150E333-8FDC-42A3-9474-1A3956D46DE8}") = "CapaLogicaDeNegocio", "CapaLogicaDeNegocio", "{E6A63FE7-F5D7-460B-BCD9-D44934E4204C}"
EndProject
Project("{FAE04EC0-301F-11D3-BF4B-00C04F79EFBC}") = "GestionDeBodegAPP", "GestionDeBodegAPP\GestionDeBodegAPP.csproj", "{DA700C82-5BC6-4769-B758-3D50231A6092}"
EndProject
Project("{2150E333-8FDC-42A3-9474-1A3956D46DE8}") = "CapaPresentacion", "CapaPresentacion", "{A40E4DCA-2AEB-4F40-8F01-1B1A8775F9EC}"
EndProject
Project("{FAE04EC0-301F-11D3-BF4B-00C04F79EFBC}") = "AppWeb", "AppWeb\AppWeb.csproj", "{10809A99-1849-48F0-874D-5B518E17285E}"
EndProject
Global
	GlobalSection(SolutionConfigurationPlatforms) = preSolution
		Debug|Any CPU = Debug|Any CPU
		Release|Any CPU = Release|Any CPU
	EndGlobalSection
	GlobalSection(ProjectConfigurationPlatforms) = postSolution
		{C379F0C2-51E5-4D3A-8774-EC3C0A6A8D43}.Debug|Any CPU.ActiveCfg = Debug|Any CPU
		{C379F0C2-51E5-4D3A-8774-EC3C0A6A8D43}.Debug|Any CPU.Build.0 = Debug|Any CPU
		{C379F0C2-51E5-4D3A-8774-EC3C0A6A8D43}.Release|Any CPU.ActiveCfg = Release|Any CPU
		{C379F0C2-51E5-4D3A-8774-EC3C0A6A8D43}.Release|Any CPU.Build.0 = Release|Any CPU
		{66C9EB19-92D9-4AB6-892A-8BB4B0770D3D}.Debug|Any CPU.ActiveCfg = Debug|Any CPU
		{66C9EB19-92D9-4AB6-892A-8BB4B0770D3D}.Debug|Any CPU.Build.0 = Debug|Any CPU
		{66C9EB19-92D9-4AB6-892A-8BB4B0770D3D}.Release|Any CPU.ActiveCfg = Release|Any CPU
		{66C9EB19-92D9-4AB6-892A-8BB4B0770D3D}.Release|Any CPU.Build.0 = Release|Any CPU
		{DA700C82-5BC6-4769-B758-3D50231A6092}.Debug|Any CPU.ActiveCfg = Debug|Any CPU
		{DA700C82-5BC6-4769-B758-3D50231A6092}.Debug|Any CPU.Build.0 = Debug|Any CPU
		{DA700C82-5BC6-4769-B758-3D50231A6092}.Release|Any CPU.ActiveCfg = Release|Any CPU
		{DA700C82-5BC6-4769-B758-3D50231A6092}.Release|Any CPU.Build.0 = Release|Any CPU
		{10809A99-1849-48F0-874D-5B518E17285E}.Debug|Any CPU.ActiveCfg = Debug|Any CPU
		{10809A99-1849-48F0-874D-5B518E17285E}.Debug|Any CPU.Build.0 = Debug|Any CPU
		{10809A99-1849-48F0-874D-5B518E17285E}.Release|Any CPU.ActiveCfg = Release|Any CPU
		{10809A99-1849-48F0-874D-5B518E17285E}.Release|Any CPU.Build.0 = Release|Any CPU
	EndGlobalSection
	GlobalSection(SolutionProperties) = preSolution
		HideSolutionNode = FALSE
	EndGlobalSection
	GlobalSection(NestedProjects) = preSolution
		{C379F0C2-51E5-4D3A-8774-EC3C0A6A8D43} = {C9346306-121D-4A4A-A596-C46B101731A0}
		{66C9EB19-92D9-4AB6-892A-8BB4B0770D3D} = {2871DEBA-8A69-4243-8EEE-458F4E0AFECE}
		{DA700C82-5BC6-4769-B758-3D50231A6092} = {E6A63FE7-F5D7-460B-BCD9-D44934E4204C}
		{10809A99-1849-48F0-874D-5B518E17285E} = {A40E4DCA-2AEB-4F40-8F01-1B1A8775F9EC}
	EndGlobalSection
EndGlobal
